
Microsoft Visual Studio Solution File, Format Version 12.00
# Visual Studio Version 17
VisualStudioVersion = 17.5.002.0
MinimumVisualStudioVersion = 10.0.40219.1
Project("{9A19103F-16F7-4668-BE54-9A1E7A4F7556}") = "RelatoriosAPI", "RelatoriosAPI\RelatoriosAPI.csproj", "{163E749D-FDA3-47FB-950C-23180A47FDE2}"
EndProject
Global
	GlobalSection(SolutionConfigurationPlatforms) = preSolution
		Debug|Any CPU = Debug|Any CPU
		Release|Any CPU = Release|Any CPU
	EndGlobalSection
	GlobalSection(ProjectConfigurationPlatforms) = postSolution
		{163E749D-FDA3-47FB-950C-23180A47FDE2}.Debug|Any CPU.ActiveCfg = Debug|Any CPU
		{163E749D-FDA3-47FB-950C-23180A47FDE2}.Debug|Any CPU.Build.0 = Debug|Any CPU
		{163E749D-FDA3-47FB-950C-23180A47FDE2}.Release|Any CPU.ActiveCfg = Release|Any CPU
		{163E749D-FDA3-47FB-950C-23180A47FDE2}.Release|Any CPU.Build.0 = Release|Any CPU
	EndGlobalSection
	GlobalSection(SolutionProperties) = preSolution
		HideSolutionNode = FALSE
	EndGlobalSection
	GlobalSection(ExtensibilityGlobals) = postSolution
		SolutionGuid = {E5018896-8D2D-40B8-B83C-6A6DB743AC1F}
	EndGlobalSection
EndGlobal
